
Microsoft Visual Studio Solution File, Format Version 12.00
# Visual Studio Version 17
VisualStudioVersion = 17.5.33414.496
MinimumVisualStudioVersion = 10.0.40219.1
Project("{FAE04EC0-301F-11D3-BF4B-00C04F79EFBC}") = "IdaraTechApi", "IdaraTechApi\IdaraTechApi.csproj", "{C08BC6F7-CDAF-4B15-837D-23150D36EC60}"
EndProject
Global
	GlobalSection(SolutionConfigurationPlatforms) = preSolution
		Debug|Any CPU = Debug|Any CPU
		Release|Any CPU = Release|Any CPU
	EndGlobalSection
	GlobalSection(ProjectConfigurationPlatforms) = postSolution
		{C08BC6F7-CDAF-4B15-837D-23150D36EC60}.Debug|Any CPU.ActiveCfg = Debug|Any CPU
		{C08BC6F7-CDAF-4B15-837D-23150D36EC60}.Debug|Any CPU.Build.0 = Debug|Any CPU
		{C08BC6F7-CDAF-4B15-837D-23150D36EC60}.Release|Any CPU.ActiveCfg = Release|Any CPU
		{C08BC6F7-CDAF-4B15-837D-23150D36EC60}.Release|Any CPU.Build.0 = Release|Any CPU
	EndGlobalSection
	GlobalSection(SolutionProperties) = preSolution
		HideSolutionNode = FALSE
	EndGlobalSection
	GlobalSection(ExtensibilityGlobals) = postSolution
		SolutionGuid = {38E57404-9068-41DD-B57C-3D16DAAC2647}
	EndGlobalSection
EndGlobal
